
Microsoft Visual Studio Solution File, Format Version 12.00
# Visual Studio 15
VisualStudioVersion = 15.0.28307.329
MinimumVisualStudioVersion = 10.0.40219.1
Project("{FAE04EC0-301F-11D3-BF4B-00C04F79EFBC}") = "CodeSignalCompanyBotStrategy", "CodeSignalCompanyBotStrategy\CodeSignalCompanyBotStrategy.csproj", "{563052E5-305C-469A-871F-AFF94EA4D013}"
EndProject
Global
	GlobalSection(SolutionConfigurationPlatforms) = preSolution
		Debug|Any CPU = Debug|Any CPU
		Release|Any CPU = Release|Any CPU
	EndGlobalSection
	GlobalSection(ProjectConfigurationPlatforms) = postSolution
		{563052E5-305C-469A-871F-AFF94EA4D013}.Debug|Any CPU.ActiveCfg = Debug|Any CPU
		{563052E5-305C-469A-871F-AFF94EA4D013}.Debug|Any CPU.Build.0 = Debug|Any CPU
		{563052E5-305C-469A-871F-AFF94EA4D013}.Release|Any CPU.ActiveCfg = Release|Any CPU
		{563052E5-305C-469A-871F-AFF94EA4D013}.Release|Any CPU.Build.0 = Release|Any CPU
	EndGlobalSection
	GlobalSection(SolutionProperties) = preSolution
		HideSolutionNode = FALSE
	EndGlobalSection
	GlobalSection(ExtensibilityGlobals) = postSolution
		SolutionGuid = {16BF5D33-7F72-453F-8DC0-87FDE4C8F827}
	EndGlobalSection
EndGlobal
