
Microsoft Visual Studio Solution File, Format Version 12.00
# Visual Studio 15
VisualStudioVersion = 15.0.28307.329
MinimumVisualStudioVersion = 10.0.40219.1
Project("{FAE04EC0-301F-11D3-BF4B-00C04F79EFBC}") = "CommonTechniquesBasicChallenge1", "CommonTechniquesBasicChallenge1\CommonTechniquesBasicChallenge1.csproj", "{AFA46738-48A7-493A-8B6F-1D0857AD6177}"
EndProject
Global
	GlobalSection(SolutionConfigurationPlatforms) = preSolution
		Debug|Any CPU = Debug|Any CPU
		Release|Any CPU = Release|Any CPU
	EndGlobalSection
	GlobalSection(ProjectConfigurationPlatforms) = postSolution
		{AFA46738-48A7-493A-8B6F-1D0857AD6177}.Debug|Any CPU.ActiveCfg = Debug|Any CPU
		{AFA46738-48A7-493A-8B6F-1D0857AD6177}.Debug|Any CPU.Build.0 = Debug|Any CPU
		{AFA46738-48A7-493A-8B6F-1D0857AD6177}.Release|Any CPU.ActiveCfg = Release|Any CPU
		{AFA46738-48A7-493A-8B6F-1D0857AD6177}.Release|Any CPU.Build.0 = Release|Any CPU
	EndGlobalSection
	GlobalSection(SolutionProperties) = preSolution
		HideSolutionNode = FALSE
	EndGlobalSection
	GlobalSection(ExtensibilityGlobals) = postSolution
		SolutionGuid = {BBA46673-8306-4A9E-8FCB-C80D17DC0EAF}
	EndGlobalSection
EndGlobal
