
Microsoft Visual Studio Solution File, Format Version 12.00
# Visual Studio 15
VisualStudioVersion = 15.0.28307.329
MinimumVisualStudioVersion = 10.0.40219.1
Project("{FAE04EC0-301F-11D3-BF4B-00C04F79EFBC}") = "LinkedListChallenge", "LinkedListChallenge\LinkedListChallenge.csproj", "{FB3C999B-E65F-48C7-A7F4-FFFCD00DBEC5}"
EndProject
Global
	GlobalSection(SolutionConfigurationPlatforms) = preSolution
		Debug|Any CPU = Debug|Any CPU
		Release|Any CPU = Release|Any CPU
	EndGlobalSection
	GlobalSection(ProjectConfigurationPlatforms) = postSolution
		{FB3C999B-E65F-48C7-A7F4-FFFCD00DBEC5}.Debug|Any CPU.ActiveCfg = Debug|Any CPU
		{FB3C999B-E65F-48C7-A7F4-FFFCD00DBEC5}.Debug|Any CPU.Build.0 = Debug|Any CPU
		{FB3C999B-E65F-48C7-A7F4-FFFCD00DBEC5}.Release|Any CPU.ActiveCfg = Release|Any CPU
		{FB3C999B-E65F-48C7-A7F4-FFFCD00DBEC5}.Release|Any CPU.Build.0 = Release|Any CPU
	EndGlobalSection
	GlobalSection(SolutionProperties) = preSolution
		HideSolutionNode = FALSE
	EndGlobalSection
	GlobalSection(ExtensibilityGlobals) = postSolution
		SolutionGuid = {62AF5A67-B9E2-4E8A-9813-B5CA3E3F928F}
	EndGlobalSection
EndGlobal
